Microsoft Visual Studio Solution File, Format Version 11.00
# Visual Studio 2008

Project("{D661A068-F208-BF23-7ACA-61099C07D7AE}") = "Fluctus", "Assembly-CSharp.csproj", "{026BF075-A2E2-FEB4-EAAC-8D73F4D16C53}"
EndProject
Global
	GlobalSection(SolutionConfigurationPlatforms) = preSolution
		Debug|Any CPU = Debug|Any CPU
		Release|Any CPU = Release|Any CPU
	EndGlobalSection
	GlobalSection(ProjectConfigurationPlatforms) = postSolution
		{026BF075-A2E2-FEB4-EAAC-8D73F4D16C53}.Debug|Any CPU.ActiveCfg = Debug|Any CPU
		{026BF075-A2E2-FEB4-EAAC-8D73F4D16C53}.Debug|Any CPU.Build.0 = Debug|Any CPU
		{026BF075-A2E2-FEB4-EAAC-8D73F4D16C53}.Release|Any CPU.ActiveCfg = Release|Any CPU
		{026BF075-A2E2-FEB4-EAAC-8D73F4D16C53}.Release|Any CPU.Build.0 = Release|Any CPU
	EndGlobalSection
	GlobalSection(SolutionProperties) = preSolution
		HideSolutionNode = FALSE
	EndGlobalSection
	GlobalSection(MonoDevelopProperties) = preSolution
		StartupItem = Assembly-CSharp.csproj
	EndGlobalSection
EndGlobal
